# This file is generated by running "yarn install" inside your project.
# Manual changes might be lost - proceed with caution!

__metadata:
  version: 6
  cacheKey: 8

"accepts@npm:~1.2.12":
  version: 1.2.13
  resolution: "accepts@npm:1.2.13"
  dependencies:
    mime-types: ~2.1.6
    negotiator: 0.5.3
  checksum: d64e055d98bccc82e46cf969806bf0bd06a221d9a18f4a9115280a6da941cdb6ff43ba62a6089bd9d8a8d476b0544f2173a290749bfd009be1a1c09274a7c5c2
  languageName: node
  linkType: hard

"array-flatten@npm:1.1.1":
  version: 1.1.1
  resolution: "array-flatten@npm:1.1.1"
  checksum: a9925bf3512d9dce202112965de90c222cd59a4fbfce68a0951d25d965cf44642931f40aac72309c41f12df19afa010ecadceb07cfff9ccc1621e99d89ab5f3b
  languageName: node
  linkType: hard

"basic-auth@npm:~1.0.3":
  version: 1.0.4
  resolution: "basic-auth@npm:1.0.4"
  checksum: eb116b016bf0eb2b4e2667bfad5fab252cff506100bdb8f76f79691810ddbd3e801054f298d4c5423aecc2a7cf855faaee644b7927da76fcb99ab04d0399ad55
  languageName: node
  linkType: hard

"body-parser@npm:~1.13.2":
  version: 1.13.3
  resolution: "body-parser@npm:1.13.3"
  dependencies:
    bytes: 2.1.0
    content-type: ~1.0.1
    debug: ~2.2.0
    depd: ~1.0.1
    http-errors: ~1.3.1
    iconv-lite: 0.4.11
    on-finished: ~2.3.0
    qs: 4.0.0
    raw-body: ~2.1.2
    type-is: ~1.6.6
  checksum: 0a43332d3cf9ddd7d1ecb0a6cb07d4347b35a10354b17adb1715da8806853a4b19e610bc696a0b65a373725fe05874aa701b59edb7f9a4d678f0f8508c8ab969
  languageName: node
  linkType: hard

"buffer-writer@npm:1.0.1":
  version: 1.0.1
  resolution: "buffer-writer@npm:1.0.1"
  checksum: 4e1b4a6834a7d31dbd4c4b32686fef6f868a402b9fdda7c0ed65fa2a629fd6f2721a669932283459b9eb51d24143828e85824948291852c4f3c1f149691a6bf9
  languageName: node
  linkType: hard

"bytes@npm:2.1.0":
  version: 2.1.0
  resolution: "bytes@npm:2.1.0"
  checksum: fc3fd9735696a7226a0c018de39aa8f0d781fb2c27dacfeb45c3ed6e3c8e0d49286eb801358e9e89a546c3cf91b40c6ca0494f06ae9d87f06f377af765270625
  languageName: node
  linkType: hard

"bytes@npm:2.4.0":
  version: 2.4.0
  resolution: "bytes@npm:2.4.0"
  checksum: 2a3fd827e2e1299f687953384854b35ae2920553efc2062a6640c0dcf555af71f7a37a9d4d18fa0c35f2ac57ad9d0bfff526dbe8062a3996cc1ed30cc3f66392
  languageName: node
  linkType: hard

"content-disposition@npm:0.5.1":
  version: 0.5.1
  resolution: "content-disposition@npm:0.5.1"
  checksum: 8de07ee8a67a4dbbc49cbbb33c20e92e8741a0ad1e6370ccd34a362c6bf63ade3c0e36f6ffb589d64417f2c381ef3e84780d594f6798362cfcd65fca527566d9
  languageName: node
  linkType: hard

"content-type@npm:~1.0.1":
  version: 1.0.5
  resolution: "content-type@npm:1.0.5"
  checksum: 566271e0a251642254cde0f845f9dd4f9856e52d988f4eb0d0dcffbb7a1f8ec98de7a5215fc628f3bce30fe2fb6fd2bc064b562d721658c59b544e2d34ea2766
  languageName: node
  linkType: hard

"cookie-parser@npm:~1.3.5":
  version: 1.3.5
  resolution: "cookie-parser@npm:1.3.5"
  dependencies:
    cookie: 0.1.3
    cookie-signature: 1.0.6
  checksum: 0a633b45346c34349d27c30f60dc35f296bd36c08069945dfb78b54ee8615724574b25e8cdf40dda183f93de56fbdb847b324ce6ac28d70c9c2474cdcc9ba6e6
  languageName: node
  linkType: hard

"cookie-signature@npm:1.0.6":
  version: 1.0.6
  resolution: "cookie-signature@npm:1.0.6"
  checksum: f4e1b0a98a27a0e6e66fd7ea4e4e9d8e038f624058371bf4499cfcd8f3980be9a121486995202ba3fca74fbed93a407d6d54d43a43f96fd28d0bd7a06761591a
  languageName: node
  linkType: hard

"cookie@npm:0.1.3":
  version: 0.1.3
  resolution: "cookie@npm:0.1.3"
  checksum: 2f620e61fa312bebb34a9cd4f437aac2f0b4d376fd05125b9a797ef234f7ecc790c9cb00267b2576a38fa9b0ee08d0238c22fb877386118b0ed46d009a8978c9
  languageName: node
  linkType: hard

"cookie@npm:0.1.5":
  version: 0.1.5
  resolution: "cookie@npm:0.1.5"
  checksum: db6b49b8c23a705f7f5c42511027a641e94f1c30e7ca816a8a30de0c19416662e91a55f8d433cd86d42a67b161057a8779903e4aca17582e6d8fc919fee31878
  languageName: node
  linkType: hard

"cookie@npm:0.4.2":
  version: 0.4.2
  resolution: "cookie@npm:0.4.2"
  checksum: a00833c998bedf8e787b4c342defe5fa419abd96b32f4464f718b91022586b8f1bafbddd499288e75c037642493c83083da426c6a9080d309e3bd90fd11baa9b
  languageName: node
  linkType: hard

"core-util-is@npm:~1.0.0":
  version: 1.0.3
  resolution: "core-util-is@npm:1.0.3"
  checksum: 9de8597363a8e9b9952491ebe18167e3b36e7707569eed0ebf14f8bba773611376466ae34575bca8cfe3c767890c859c74056084738f09d4e4a6f902b2ad7d99
  languageName: node
  linkType: hard

"debug@npm:2.6.9":
  version: 2.6.9
  resolution: "debug@npm:2.6.9"
  dependencies:
    ms: 2.0.0
  checksum: d2f51589ca66df60bf36e1fa6e4386b318c3f1e06772280eea5b1ae9fd3d05e9c2b7fd8a7d862457d00853c75b00451aa2d7459b924629ee385287a650f58fe6
  languageName: node
  linkType: hard

"debug@npm:~2.2.0":
  version: 2.2.0
  resolution: "debug@npm:2.2.0"
  dependencies:
    ms: 0.7.1
  checksum: 06a55becb91b82c8084a2d7d3f73809180596c8ebbddd373a58c544efd3d66885dc0d80f9cda7e0613b2883a19c2b1d91550dc5dab3e0d4ca6fd42dc61784aa5
  languageName: node
  linkType: hard

"depd@npm:~1.0.1":
  version: 1.0.1
  resolution: "depd@npm:1.0.1"
  checksum: 1f151b47a9063028f41bbf8139f17c2e86a0b945938b80df0d96fd5ab258f8f3053bd8d9b8c59eb955ff84a157ceec8e749872c776fdb09e99c5e57a9ae941c8
  languageName: node
  linkType: hard

"depd@npm:~1.1.0":
  version: 1.1.2
  resolution: "depd@npm:1.1.2"
  checksum: 6b406620d269619852885ce15965272b829df6f409724415e0002c8632ab6a8c0a08ec1f0bd2add05dc7bd7507606f7e2cc034fa24224ab829580040b835ecd9
  languageName: node
  linkType: hard

"depd@npm:~2.0.0":
  version: 2.0.0
  resolution: "depd@npm:2.0.0"
  checksum: abbe19c768c97ee2eed6282d8ce3031126662252c58d711f646921c9623f9052e3e1906443066beec1095832f534e57c523b7333f8e7e0d93051ab6baef5ab3a
  languageName: node
  linkType: hard

"destroy@npm:~1.0.4":
  version: 1.0.4
  resolution: "destroy@npm:1.0.4"
  checksum: da9ab4961dc61677c709da0c25ef01733042614453924d65636a7db37308fef8a24cd1e07172e61173d471ca175371295fbc984b0af5b2b4ff47cd57bd784c03
  languageName: node
  linkType: hard

"ee-first@npm:1.1.1":
  version: 1.1.1
  resolution: "ee-first@npm:1.1.1"
  checksum: 1b4cac778d64ce3b582a7e26b218afe07e207a0f9bfe13cc7395a6d307849cfe361e65033c3251e00c27dd060cab43014c2d6b2647676135e18b77d2d05b3f4f
  languageName: node
  linkType: hard

"ejs-locals@npm:^1.0.2":
  version: 1.0.2
  resolution: "ejs-locals@npm:1.0.2"
  dependencies:
    ejs: 0.8.x
  checksum: 7b29f721a2862295479283915e4aae12c744467d7e42106d7e53557f027dd760ebee6b80eb417803600e828f74d96da12b52f10f5486036c0fbb19aabf56364a
  languageName: node
  linkType: hard

"ejs@npm:0.8.x":
  version: 0.8.8
  resolution: "ejs@npm:0.8.8"
  checksum: 9e422ba5d772374c6bdcead1b7a76a3f8992d0518380c17ece2b1738eccafed05db4884b6166c18954f91d74a920552f36baf3d7c247cc7e71d42cadfb850d6f
  languageName: node
  linkType: hard

"ejs@npm:^2.4.2":
  version: 2.7.4
  resolution: "ejs@npm:2.7.4"
  checksum: a1d2bfc7d1f0b39e99ae19b20c9469a25aeddba1ffc225db098110b18d566f73772fcdcc740b108cfda7452276f67d7b64eb359f90285414c942f4ae70713371
  languageName: node
  linkType: hard

"escape-html@npm:~1.0.3":
  version: 1.0.3
  resolution: "escape-html@npm:1.0.3"
  checksum: 6213ca9ae00d0ab8bccb6d8d4e0a98e76237b2410302cf7df70aaa6591d509a2a37ce8998008cbecae8fc8ffaadf3fb0229535e6a145f3ce0b211d060decbb24
  languageName: node
  linkType: hard

"etag@npm:~1.7.0":
  version: 1.7.0
  resolution: "etag@npm:1.7.0"
  checksum: a76e03c51881902070fa3ecd4bd5c5b9286657ea467ada24bf866c1bdd545d08b65191d085b70fdc859caea2d68ff99c4f6936d2fa2026fd2fcc796d013e1978
  languageName: node
  linkType: hard

"express-session@npm:^1.13.0":
  version: 1.17.3
  resolution: "express-session@npm:1.17.3"
  dependencies:
    cookie: 0.4.2
    cookie-signature: 1.0.6
    debug: 2.6.9
    depd: ~2.0.0
    on-headers: ~1.0.2
    parseurl: ~1.3.3
    safe-buffer: 5.2.1
    uid-safe: ~2.1.5
  checksum: 1021a793433cbc6a1b32c803fcb2daa1e03a8f50dd907e8745ae57994370315a5cfde5b6ef7b062d9a9a0754ff268844bda211c08240b3a0e01014dcf1073ec5
  languageName: node
  linkType: hard

"express@npm:~4.13.1":
  version: 4.13.4
  resolution: "express@npm:4.13.4"
  dependencies:
    accepts: ~1.2.12
    array-flatten: 1.1.1
    content-disposition: 0.5.1
    content-type: ~1.0.1
    cookie: 0.1.5
    cookie-signature: 1.0.6
    debug: ~2.2.0
    depd: ~1.1.0
    escape-html: ~1.0.3
    etag: ~1.7.0
    finalhandler: 0.4.1
    fresh: 0.3.0
    merge-descriptors: 1.0.1
    methods: ~1.1.2
    on-finished: ~2.3.0
    parseurl: ~1.3.1
    path-to-regexp: 0.1.7
    proxy-addr: ~1.0.10
    qs: 4.0.0
    range-parser: ~1.0.3
    send: 0.13.1
    serve-static: ~1.10.2
    type-is: ~1.6.6
    utils-merge: 1.0.0
    vary: ~1.0.1
  checksum: c7ecc7ec78cdbd92c4e10200f04b578cbc62d1f8a8ecfeae9541661abcd5cf48e69c4e99e8c230110bfc932dd190e0985f9079c6b75f04187c6bf46599d6ccf5
  languageName: node
  linkType: hard

"finalhandler@npm:0.4.1":
  version: 0.4.1
  resolution: "finalhandler@npm:0.4.1"
  dependencies:
    debug: ~2.2.0
    escape-html: ~1.0.3
    on-finished: ~2.3.0
    unpipe: ~1.0.0
  checksum: 739ae48a01b5007d2478ace4bf1abec2ef673b5a1c934fcfc2842f9afde42e75f4a946ad1265f81cd79b80a9acd45368f99dda21b08903502863e20d52f86f37
  languageName: node
  linkType: hard

"forwarded@npm:~0.1.0":
  version: 0.1.2
  resolution: "forwarded@npm:0.1.2"
  checksum: 54695c574292f9bc6bfa52111844337bc2e61cfcc5ec82f16b816d721a67a0c76b4849a34b57e38e51d64ddbb81aef974f393579f610ed1b990470e75abad2e0
  languageName: node
  linkType: hard

"fresh@npm:0.3.0":
  version: 0.3.0
  resolution: "fresh@npm:0.3.0"
  checksum: eee35be52c43a1b27d0aef7164d0f34d0597dc4c09990ab485a4559d5948a8823d97769481e6a73b80aafb0936eca1fb54de4257461022666d65d7167b427a60
  languageName: node
  linkType: hard

"generic-pool@npm:2.4.2":
  version: 2.4.2
  resolution: "generic-pool@npm:2.4.2"
  checksum: b174af7fc66ccdaebcbffdc8ff6b216c538a3861fa764fce4b98d8d5cfa7e1670261d37ec4c50acf1570ac7c87e3ef5f3d4d671a83c302f4a158704572064503
  languageName: node
  linkType: hard

"http-errors@npm:~1.3.1":
  version: 1.3.1
  resolution: "http-errors@npm:1.3.1"
  dependencies:
    inherits: ~2.0.1
    statuses: 1
  checksum: 2abc16a5b3737e745f385ae402a63816366f4f0c679b2c47da5fadb321a8923e32e18ebec81ad5ba369455349dcbcfc33d4887228972b2fe55194114456b2b09
  languageName: node
  linkType: hard

"iconv-lite@npm:0.4.11":
  version: 0.4.11
  resolution: "iconv-lite@npm:0.4.11"
  checksum: 4a5d32b1a9bce35409a30598268db556265e9c77f0fe004f159e40f52aa08e35f0607fb6923265b4f3e8f8fab2360c25bd9349635f401a02022c5a561ff388a3
  languageName: node
  linkType: hard

"iconv-lite@npm:0.4.13":
  version: 0.4.13
  resolution: "iconv-lite@npm:0.4.13"
  checksum: 416abe0318438da8ca5b7d369354d83c124b24d43e958e24dec9b5018ae5de2ef101234053421ce11c723df423f7649de288021d8afba46b8236d1eb7135dbee
  languageName: node
  linkType: hard

"inherits@npm:~2.0.1":
  version: 2.0.4
  resolution: "inherits@npm:2.0.4"
  checksum: 4a48a733847879d6cf6691860a6b1e3f0f4754176e4d71494c41f3475553768b10f84b5ce1d40fbd0e34e6bfbb864ee35858ad4dd2cf31e02fc4a154b724d7f1
  languageName: node
  linkType: hard

"ipaddr.js@npm:1.0.5":
  version: 1.0.5
  resolution: "ipaddr.js@npm:1.0.5"
  checksum: 05955ab0eb54b789c313726f13fd434d2719873bfca2e0a687d0b90fc5dff1a75ddbc37b89474b3fee97249a50d6527d6a502eff5f5e4544fe875bbb2203864b
  languageName: node
  linkType: hard

"isarray@npm:0.0.1":
  version: 0.0.1
  resolution: "isarray@npm:0.0.1"
  checksum: 49191f1425681df4a18c2f0f93db3adb85573bcdd6a4482539d98eac9e705d8961317b01175627e860516a2fc45f8f9302db26e5a380a97a520e272e2a40a8d4
  languageName: node
  linkType: hard

"log4js@npm:^0.6.36":
  version: 0.6.38
  resolution: "log4js@npm:0.6.38"
  dependencies:
    readable-stream: ~1.0.2
    semver: ~4.3.3
  checksum: c1af1f88fe84b888825875b99c643950d7a272a1ec3514a6496b0d9a82bc548187c9a4ee06dd7b46c6361c8fef159eee153ed49ae1b3804f3f16e74b3ac2d43e
  languageName: node
  linkType: hard

"manakin@npm:0.3":
  version: 0.3.0
  resolution: "manakin@npm:0.3.0"
  checksum: 00791898183a5c48bed66b531cc598dfae723e56d4c4a6d2ee68cd92021308aeb1ec2f467b95a0865ee103488ce9abd9d8731b76ecb7e1c34544568aa96f9112
  languageName: node
  linkType: hard

"media-typer@npm:0.3.0":
  version: 0.3.0
  resolution: "media-typer@npm:0.3.0"
  checksum: af1b38516c28ec95d6b0826f6c8f276c58aec391f76be42aa07646b4e39d317723e869700933ca6995b056db4b09a78c92d5440dc23657e6764be5d28874bba1
  languageName: node
  linkType: hard

"merge-descriptors@npm:1.0.1":
  version: 1.0.1
  resolution: "merge-descriptors@npm:1.0.1"
  checksum: 5abc259d2ae25bb06d19ce2b94a21632583c74e2a9109ee1ba7fd147aa7362b380d971e0251069f8b3eb7d48c21ac839e21fa177b335e82c76ec172e30c31a26
  languageName: node
  linkType: hard

"methods@npm:~1.1.2":
  version: 1.1.2
  resolution: "methods@npm:1.1.2"
  checksum: 0917ff4041fa8e2f2fda5425a955fe16ca411591fbd123c0d722fcf02b73971ed6f764d85f0a6f547ce49ee0221ce2c19a5fa692157931cecb422984f1dcd13a
  languageName: node
  linkType: hard

"mime-db@npm:1.52.0":
  version: 1.52.0
  resolution: "mime-db@npm:1.52.0"
  checksum: 0d99a03585f8b39d68182803b12ac601d9c01abfa28ec56204fa330bc9f3d1c5e14beb049bafadb3dbdf646dfb94b87e24d4ec7b31b7279ef906a8ea9b6a513f
  languageName: node
  linkType: hard

"mime-types@npm:~2.1.24, mime-types@npm:~2.1.6":
  version: 2.1.35
  resolution: "mime-types@npm:2.1.35"
  dependencies:
    mime-db: 1.52.0
  checksum: 89a5b7f1def9f3af5dad6496c5ed50191ae4331cc5389d7c521c8ad28d5fdad2d06fd81baf38fed813dc4e46bb55c8145bb0ff406330818c9cf712fb2e9b3836
  languageName: node
  linkType: hard

"mime@npm:1.3.4":
  version: 1.3.4
  resolution: "mime@npm:1.3.4"
  bin:
    mime: cli.js
  checksum: dec37977ac97d61f82944620a38267e1d389dc156df4800572b03904920ce15f9a440ab121f5f63decec7dc2263e46b3c1b903ea531c9d9d122f9c2f9298e87c
  languageName: node
  linkType: hard

"morgan@npm:~1.6.1":
  version: 1.6.1
  resolution: "morgan@npm:1.6.1"
  dependencies:
    basic-auth: ~1.0.3
    debug: ~2.2.0
    depd: ~1.0.1
    on-finished: ~2.3.0
    on-headers: ~1.0.0
  checksum: 5bcf07d641664ff5a1b9fb16fc38657952f849023700efcb9528c3dab6c38672b19b11367ef9c8d593edc8a5415c03b82eaa6715f0d2a7cb4d7b3439f6ed2ccc
  languageName: node
  linkType: hard

"ms@npm:0.7.1":
  version: 0.7.1
  resolution: "ms@npm:0.7.1"
  checksum: 73b453879f26fe14ae41388cb3fb7483aa81e478950b3feff8433959a8e693b20797b0ed85e20fbe86ec65f094b283360987e05817979721513e7ec622dcde96
  languageName: node
  linkType: hard

"ms@npm:0.7.2":
  version: 0.7.2
  resolution: "ms@npm:0.7.2"
  checksum: de888ec3c9821b53b94ff2f3ccb24a8de6f3d74755a61205e7852ad6fc0bf0bc88609f1d53cbe70a174d2e8a155b1fe31aab468e37c1a48f8791803d4d6b643d
  languageName: node
  linkType: hard

"ms@npm:2.0.0":
  version: 2.0.0
  resolution: "ms@npm:2.0.0"
  checksum: 0e6a22b8b746d2e0b65a430519934fefd41b6db0682e3477c10f60c76e947c4c0ad06f63ffdf1d78d335f83edee8c0aa928aa66a36c7cd95b69b26f468d527f4
  languageName: node
  linkType: hard

"negotiator@npm:0.5.3":
  version: 0.5.3
  resolution: "negotiator@npm:0.5.3"
  checksum: 9e0a634b4a4e57f4ff4d53a3eb849ed4dfb4349ca2ae64af85a2cb1fed12c051e9f9c346f7b5d3ad440c996f08ead2a42897d930fa57df641a1d976d99172eb1
  languageName: node
  linkType: hard

"on-finished@npm:~2.3.0":
  version: 2.3.0
  resolution: "on-finished@npm:2.3.0"
  dependencies:
    ee-first: 1.1.1
  checksum: 1db595bd963b0124d6fa261d18320422407b8f01dc65863840f3ddaaf7bcad5b28ff6847286703ca53f4ec19595bd67a2f1253db79fc4094911ec6aa8df1671b
  languageName: node
  linkType: hard

"on-headers@npm:~1.0.0, on-headers@npm:~1.0.2":
  version: 1.0.2
  resolution: "on-headers@npm:1.0.2"
  checksum: 2bf13467215d1e540a62a75021e8b318a6cfc5d4fc53af8e8f84ad98dbcea02d506c6d24180cd62e1d769c44721ba542f3154effc1f7579a8288c9f7873ed8e5
  languageName: node
  linkType: hard

"packet-reader@npm:0.2.0":
  version: 0.2.0
  resolution: "packet-reader@npm:0.2.0"
  checksum: 20caf6ee924da0160d48bf9ff0a8bde8ff5311f420514da238d2c392b3f2bf988c8eedb88a2038a24b3a9be6e25f4a25f4e648336e379e64dfda8a981e1c34e1
  languageName: node
  linkType: hard

"parseurl@npm:~1.3.1, parseurl@npm:~1.3.3":
  version: 1.3.3
  resolution: "parseurl@npm:1.3.3"
  checksum: 407cee8e0a3a4c5cd472559bca8b6a45b82c124e9a4703302326e9ab60fc1081442ada4e02628efef1eb16197ddc7f8822f5a91fd7d7c86b51f530aedb17dfa2
  languageName: node
  linkType: hard

"path-to-regexp@npm:0.1.7":
  version: 0.1.7
  resolution: "path-to-regexp@npm:0.1.7"
  checksum: 69a14ea24db543e8b0f4353305c5eac6907917031340e5a8b37df688e52accd09e3cebfe1660b70d76b6bd89152f52183f28c74813dbf454ba1a01c82a38abce
  languageName: node
  linkType: hard

"pg-connection-string@npm:0.1.3":
  version: 0.1.3
  resolution: "pg-connection-string@npm:0.1.3"
  checksum: 0ec5612a9c59b22fe2353165eea2f98d403bfe216678a88549610a27f23d60f922db19969e1b7c020904b6d15499674f69e078566d14c7969e54a8b720acd932
  languageName: node
  linkType: hard

"pg-int8@npm:1.0.1":
  version: 1.0.1
  resolution: "pg-int8@npm:1.0.1"
  checksum: a1e3a05a69005ddb73e5f324b6b4e689868a447c5fa280b44cd4d04e6916a344ac289e0b8d2695d66e8e89a7fba023affb9e0e94778770ada5df43f003d664c9
  languageName: node
  linkType: hard

"pg-minify@npm:0.3":
  version: 0.3.5
  resolution: "pg-minify@npm:0.3.5"
  checksum: f5f18b18104bc1f186ac7cd42008e44a22678fe70ce91db58fa673631c3785df1619358b25eae5e6a824a97c55b7e49fa94adb57d8c6e415155cf9bef4ff8832
  languageName: node
  linkType: hard

"pg-promise@npm:^4.4.6":
  version: 4.8.1
  resolution: "pg-promise@npm:4.8.1"
  dependencies:
    manakin: 0.3
    pg: 5.1
    pg-minify: 0.3
    spex: 0.4
  checksum: 2b51d727b7aa6d79daa3a4fec6374ee23298ff15997683d4c8aee558c3b4d70f19c08cc84d25ffe396d318be5b0b92a28c4e1b65a474d547c67538d211de5a26
  languageName: node
  linkType: hard

"pg-types@npm:1.*":
  version: 1.13.0
  resolution: "pg-types@npm:1.13.0"
  dependencies:
    pg-int8: 1.0.1
    postgres-array: ~1.0.0
    postgres-bytea: ~1.0.0
    postgres-date: ~1.0.0
    postgres-interval: ^1.1.0
  checksum: 8dcdeb8dcc196288305b69545d1a5c6645a57a88c90ea7637558c685ee54e0c8ed02a8a4fb5de2d26e344430ebc4ad13182ebc9c72ced5ba6337bb854b3454c0
  languageName: node
  linkType: hard

"pg@npm:5.1":
  version: 5.1.0
  resolution: "pg@npm:5.1.0"
  dependencies:
    buffer-writer: 1.0.1
    generic-pool: 2.4.2
    packet-reader: 0.2.0
    pg-connection-string: 0.1.3
    pg-types: 1.*
    pgpass: 0.0.6
    semver: 4.3.2
  checksum: a4a07222aafe6539f238f7f402fd9018caca5eeb91b81257cac1cf46b0627a56bbdba47100e2d24f6c83ecbbc474ddef3c208942f21c1020c68aca9174cea18a
  languageName: node
  linkType: hard

"pgpass@npm:0.0.6":
  version: 0.0.6
  resolution: "pgpass@npm:0.0.6"
  dependencies:
    split: ^1.0.0
  checksum: 7d65b21f660a6a04d1cf974261fdd28c8b6965c19ae1f7d11ff9827f03b9e7368e97dcc85def94dc703ef516d2eb9be09c32aaff530bd292e71ea33657f64428
  languageName: node
  linkType: hard

"postgres-array@npm:~1.0.0":
  version: 1.0.3
  resolution: "postgres-array@npm:1.0.3"
  checksum: e7e33dcc111850b09ef3ef1a631a9dd934a61f1c953e735a7eb9a957701444e80d1c18b08f788020270b7eaba719565cf1ff8ed88616609eaf58493e4d4c9a10
  languageName: node
  linkType: hard

"postgres-bytea@npm:~1.0.0":
  version: 1.0.0
  resolution: "postgres-bytea@npm:1.0.0"
  checksum: d844ae4ca7a941b70e45cac1261a73ee8ed39d72d3d74ab1d645248185a1b7f0ac91a3c63d6159441020f4e1f7fe64689ac56536a307b31cef361e5187335090
  languageName: node
  linkType: hard

"postgres-date@npm:~1.0.0":
  version: 1.0.7
  resolution: "postgres-date@npm:1.0.7"
  checksum: 5745001d47e51cd767e46bcb1710649cd705d91a24d42fa661c454b6dcbb7353c066a5047983c90a626cd3bbfea9e626cc6fa84a35ec57e5bbb28b49f78e13ed
  languageName: node
  linkType: hard

"postgres-interval@npm:^1.1.0":
  version: 1.2.0
  resolution: "postgres-interval@npm:1.2.0"
  dependencies:
    xtend: ^4.0.0
  checksum: 746b71f93805ae33b03528e429dc624706d1f9b20ee81bf743263efb6a0cd79ae02a642a8a480dbc0f09547b4315ab7df6ce5ec0be77ed700bac42730f5c76b2
  languageName: node
  linkType: hard

"proxy-addr@npm:~1.0.10":
  version: 1.0.10
  resolution: "proxy-addr@npm:1.0.10"
  dependencies:
    forwarded: ~0.1.0
    ipaddr.js: 1.0.5
  checksum: 7d6a363c00e94bbec746bec3f076dc37cffbff18390d15808d28cff7dc84a7259856759bd483ae2d8c39dff96c25c452eaaafb88afd94330d0a0df907345de17
  languageName: node
  linkType: hard

"qs@npm:4.0.0":
  version: 4.0.0
  resolution: "qs@npm:4.0.0"
  checksum: 309a83b616d55ba902e642a82bea46ad858c070129d0285c59f84143b06707c6754212ab72a83ba4d62c7d1999aaf6e3b1b628454e1ddb193654bf70ed2a93e7
  languageName: node
  linkType: hard

"random-bytes@npm:~1.0.0":
  version: 1.0.0
  resolution: "random-bytes@npm:1.0.0"
  checksum: 09faa256394aa2ca9754aa57e92a27c452c3e97ffb266e98bebb517332e9df7168fea393159f88d884febce949ba8bec8ddb02f03342da6c6023ecc7b155e0ae
  languageName: node
  linkType: hard

"range-parser@npm:~1.0.3":
  version: 1.0.3
  resolution: "range-parser@npm:1.0.3"
  checksum: 35c11f79ab0bb8b64e414c2efe794ff23c6f7b0c5bd49e65e4adeeaf714f14224a636044a40f656c4db6384b3218574d5340630911124a96c4a06e4e2199933a
  languageName: node
  linkType: hard

"raw-body@npm:~2.1.2":
  version: 2.1.7
  resolution: "raw-body@npm:2.1.7"
  dependencies:
    bytes: 2.4.0
    iconv-lite: 0.4.13
    unpipe: 1.0.0
  checksum: 43a26f11dfe59dc77ab378e0486b26f78f52e33d99845c2932ef3645e889615935aa76344a7521bcd2f6c0c8ac5c811143bebdf5dd3a6bf32d1f82a16dac53c5
  languageName: node
  linkType: hard

"readable-stream@npm:~1.0.2":
  version: 1.0.34
  resolution: "readable-stream@npm:1.0.34"
  dependencies:
    core-util-is: ~1.0.0
    inherits: ~2.0.1
    isarray: 0.0.1
    string_decoder: ~0.10.x
  checksum: 85042c537e4f067daa1448a7e257a201070bfec3dd2706abdbd8ebc7f3418eb4d3ed4b8e5af63e2544d69f88ab09c28d5da3c0b77dc76185fddd189a59863b60
  languageName: node
  linkType: hard

"safe-buffer@npm:5.2.1":
  version: 5.2.1
  resolution: "safe-buffer@npm:5.2.1"
  checksum: b99c4b41fdd67a6aaf280fcd05e9ffb0813654894223afb78a31f14a19ad220bba8aba1cb14eddce1fcfb037155fe6de4e861784eb434f7d11ed58d1e70dd491
  languageName: node
  linkType: hard

"semver@npm:4.3.2":
  version: 4.3.2
  resolution: "semver@npm:4.3.2"
  bin:
    semver: ./bin/semver
  checksum: a0bc4015f01c1843a4f270b0a8e668bbc99e2847d239ae9103c7eb54ab6b5c426d8e857c8796025fefeb131984825da977b0c2bcfbb2179ac22dbb018f91acfd
  languageName: node
  linkType: hard

"semver@npm:~4.3.3":
  version: 4.3.6
  resolution: "semver@npm:4.3.6"
  bin:
    semver: ./bin/semver
  checksum: 660566e4f871bd16a2a6969fb361f9c055816ab21375415ebb0218771cf061f0fe1faa5ada234b2d3fb53cbd09b98329b776822a8df67f9eb0d41b0ad28c724d
  languageName: node
  linkType: hard

"send@npm:0.13.1":
  version: 0.13.1
  resolution: "send@npm:0.13.1"
  dependencies:
    debug: ~2.2.0
    depd: ~1.1.0
    destroy: ~1.0.4
    escape-html: ~1.0.3
    etag: ~1.7.0
    fresh: 0.3.0
    http-errors: ~1.3.1
    mime: 1.3.4
    ms: 0.7.1
    on-finished: ~2.3.0
    range-parser: ~1.0.3
    statuses: ~1.2.1
  checksum: be9adf9350c3faf41216014b69f017a53a09eca9e5c3a6faf4b396d0b8344a5f2bfd7977212bc4caf0685fde1c61d7877711cc162f092b10c1910c51e50e88bd
  languageName: node
  linkType: hard

"send@npm:0.13.2":
  version: 0.13.2
  resolution: "send@npm:0.13.2"
  dependencies:
    debug: ~2.2.0
    depd: ~1.1.0
    destroy: ~1.0.4
    escape-html: ~1.0.3
    etag: ~1.7.0
    fresh: 0.3.0
    http-errors: ~1.3.1
    mime: 1.3.4
    ms: 0.7.1
    on-finished: ~2.3.0
    range-parser: ~1.0.3
    statuses: ~1.2.1
  checksum: 0b56fad4d7dc3a6effbd0444972e28bdfbe6db558893492d35f3f175dd09548bdb35288f8aa74b783fe4dd630eabd3d939c6f7ade74889a2c18b5f6f08c7e552
  languageName: node
  linkType: hard

"serve-favicon@npm:~2.3.0":
  version: 2.3.2
  resolution: "serve-favicon@npm:2.3.2"
  dependencies:
    etag: ~1.7.0
    fresh: 0.3.0
    ms: 0.7.2
    parseurl: ~1.3.1
  checksum: a2cee63e3c6c4d3af4a71365a79cb6869da53fcd6880e90524671f101776771c4755eaa8aa54b3b35e74d38bb51e4691acc5847df5e66c6e468d143aeda75dbf
  languageName: node
  linkType: hard

"serve-static@npm:~1.10.2":
  version: 1.10.3
  resolution: "serve-static@npm:1.10.3"
  dependencies:
    escape-html: ~1.0.3
    parseurl: ~1.3.1
    send: 0.13.2
  checksum: 428473636b278e11700616a303dd7d08117320c97b8393e9750e710d375aaaee11fbaaee61bbd5fb3104a0be1f24d27f5a811e437ccc88e471500b216f76cc23
  languageName: node
  linkType: hard

"spex@npm:0.4":
  version: 0.4.6
  resolution: "spex@npm:0.4.6"
  checksum: 7e85d15c53d9167456d9c6045be2d8e82f88ce4884402ad3ff5076a37649959f6ecc2f03eeb2498c46b5c820da61eab92d002133271275514e149ee5ecd0bc85
  languageName: node
  linkType: hard

"split@npm:^1.0.0":
  version: 1.0.1
  resolution: "split@npm:1.0.1"
  dependencies:
    through: 2
  checksum: 12f4554a5792c7e98bb3e22b53c63bfa5ef89aa704353e1db608a55b51f5b12afaad6e4a8ecf7843c15f273f43cdadd67b3705cc43d48a75c2cf4641d51f7e7a
  languageName: node
  linkType: hard

"statuses@npm:1":
  version: 1.5.0
  resolution: "statuses@npm:1.5.0"
  checksum: c469b9519de16a4bb19600205cffb39ee471a5f17b82589757ca7bd40a8d92ebb6ed9f98b5a540c5d302ccbc78f15dc03cc0280dd6e00df1335568a5d5758a5c
  languageName: node
  linkType: hard

"statuses@npm:~1.2.1":
  version: 1.2.1
  resolution: "statuses@npm:1.2.1"
  checksum: 53e1cda6ec4648a7e3419d3c898dfff06b0147265a4f623b2bd0d17dc7f5700b49878bcabaa9e62196e779d2408391f3b2c8b7203ab9051e333250b08ca3ff44
  languageName: node
  linkType: hard

"string_decoder@npm:~0.10.x":
  version: 0.10.31
  resolution: "string_decoder@npm:0.10.31"
  checksum: fe00f8e303647e5db919948ccb5ce0da7dea209ab54702894dd0c664edd98e5d4df4b80d6fabf7b9e92b237359d21136c95bf068b2f7760b772ca974ba970202
  languageName: node
  linkType: hard

"through@npm:2":
  version: 2.3.8
  resolution: "through@npm:2.3.8"
  checksum: a38c3e059853c494af95d50c072b83f8b676a9ba2818dcc5b108ef252230735c54e0185437618596c790bbba8fcdaef5b290405981ffa09dce67b1f1bf190cbd
  languageName: node
  linkType: hard

"type-is@npm:~1.6.6":
  version: 1.6.18
  resolution: "type-is@npm:1.6.18"
  dependencies:
    media-typer: 0.3.0
    mime-types: ~2.1.24
  checksum: 2c8e47675d55f8b4e404bcf529abdf5036c537a04c2b20177bcf78c9e3c1da69da3942b1346e6edb09e823228c0ee656ef0e033765ec39a70d496ef601a0c657
  languageName: node
  linkType: hard

"uid-safe@npm:~2.1.5":
  version: 2.1.5
  resolution: "uid-safe@npm:2.1.5"
  dependencies:
    random-bytes: ~1.0.0
  checksum: 07536043da9a026f4a2bc397543d0ace7587449afa1d9d2c4fd3ce76af8a5263a678788bcc429dff499ef29d45843cd5ee9d05434450fcfc19cc661229f703d1
  languageName: node
  linkType: hard

"unpipe@npm:1.0.0, unpipe@npm:~1.0.0":
  version: 1.0.0
  resolution: "unpipe@npm:1.0.0"
  checksum: 4fa18d8d8d977c55cb09715385c203197105e10a6d220087ec819f50cb68870f02942244f1017565484237f1f8c5d3cd413631b1ae104d3096f24fdfde1b4aa2
  languageName: node
  linkType: hard

"utils-merge@npm:1.0.0":
  version: 1.0.0
  resolution: "utils-merge@npm:1.0.0"
  checksum: 6b7149df35a99bf9894d7320bcc907e190ad296368ac85f252c227782651d9ffa5bd2d6a2e2ab98b7f023f18bc16a3b31f0ee5683e02e1cbcd5c886f6c7e3c1c
  languageName: node
  linkType: hard

"vary@npm:~1.0.1":
  version: 1.0.1
  resolution: "vary@npm:1.0.1"
  checksum: c6d4625d0f066e60cc095c2c58fab11adb50659668a27e5b8ae19110013b917f47240fca71337f3499443d3416393c7df8ad200e0110b26cc7d9f008602a9402
  languageName: node
  linkType: hard

"vulnerable-node-source@workspace:.":
  version: 0.0.0-use.local
  resolution: "vulnerable-node-source@workspace:."
  dependencies:
    body-parser: ~1.13.2
    cookie-parser: ~1.3.5
    debug: ~2.2.0
    ejs: ^2.4.2
    ejs-locals: ^1.0.2
    express: ~4.13.1
    express-session: ^1.13.0
    log4js: ^0.6.36
    morgan: ~1.6.1
    pg-promise: ^4.4.6
    serve-favicon: ~2.3.0
  languageName: unknown
  linkType: soft

"xtend@npm:^4.0.0":
  version: 4.0.2
  resolution: "xtend@npm:4.0.2"
  checksum: ac5dfa738b21f6e7f0dd6e65e1b3155036d68104e67e5d5d1bde74892e327d7e5636a076f625599dc394330a731861e87343ff184b0047fef1360a7ec0a5a36a
  languageName: node
  linkType: hard